// !$*UTF8*$!
{
	archiveVersion = 1;
	classes = {
	};
	objectVersion = 46;
	objects = {

/* Begin PBXBuildFile section */
		2641915C1897B18F00F7581F /* Foundation.framework in Frameworks */ = {isa = PBXBuildFile; fileRef = 2641915B1897B18F00F7581F /* Foundation.framework */; };
		2641915E1897B18F00F7581F /* CoreGraphics.framework in Frameworks */ = {isa = PBXBuildFile; fileRef = 2641915D1897B18F00F7581F /* CoreGraphics.framework */; };
		264191601897B18F00F7581F /* UIKit.framework in Frameworks */ = {isa = PBXBuildFile; fileRef = 2641915F1897B18F00F7581F /* UIKit.framework */; };
		264191661897B18F00F7581F /* InfoPlist.strings in Resources */ = {isa = PBXBuildFile; fileRef = 264191641897B18F00F7581F /* InfoPlist.strings */; };
		264191681897B18F00F7581F /* main.m in Sources */ = {isa = PBXBuildFile; fileRef = 264191671897B18F00F7581F /* main.m */; };
		2641916C1897B18F00F7581F /* XYZAppDelegate.m in Sources */ = {isa = PBXBuildFile; fileRef = 2641916B1897B18F00F7581F /* XYZAppDelegate.m */; };
		2641916F1897B18F00F7581F /* Main.storyboard in Resources */ = {isa = PBXBuildFile; fileRef = 2641916D1897B18F00F7581F /* Main.storyboard */; };
		264191721897B18F00F7581F /* XYZViewController.m in Sources */ = {isa = PBXBuildFile; fileRef = 264191711897B18F00F7581F /* XYZViewController.m */; };
		264191741897B18F00F7581F /* Images.xcassets in Resources */ = {isa = PBXBuildFile; fileRef = 264191731897B18F00F7581F /* Images.xcassets */; };
		2641917B1897B18F00F7581F /* XCTest.framework in Frameworks */ = {isa = PBXBuildFile; fileRef = 2641917A1897B18F00F7581F /* XCTest.framework */; };
		2641917C1897B18F00F7581F /* Foundation.framework in Frameworks */ = {isa = PBXBuildFile; fileRef = 2641915B1897B18F00F7581F /* Foundation.framework */; };
		2641917D1897B18F00F7581F /* UIKit.framework in Frameworks */ = {isa = PBXBuildFile; fileRef = 2641915F1897B18F00F7581F /* UIKit.framework */; };
		264191851897B18F00F7581F /* InfoPlist.strings in Resources */ = {isa = PBXBuildFile; fileRef = 264191831897B18F00F7581F /* InfoPlist.strings */; };
		264191871897B18F00F7581F /* guessingTests.m in Sources */ = {isa = PBXBuildFile; fileRef = 264191861897B18F00F7581F /* guessingTests.m */; };
		2641925E18983EA700F7581F /* XYZGuessingGame.m in Sources */ = {isa = PBXBuildFile; fileRef = 2641925D18983EA700F7581F /* XYZGuessingGame.m */; };
/* End PBXBuildFile section */

/* Begin PBXContainerItemProxy section */
		2641917E1897B18F00F7581F /* PBXContainerItemProxy */ = {
			isa = PBXContainerItemProxy;
			containerPortal = 264191501897B18F00F7581F /* Project object */;
			proxyType = 1;
			remoteGlobalIDString = 264191571897B18F00F7581F;
			remoteInfo = guessing;
		};
/* End PBXContainerItemProxy section */

/* Begin PBXFileReference section */
		264191581897B18F00F7581F /* guessing.app */ = {isa = PBXFileReference; explicitFileType = wrapper.application; includeInIndex = 0; path = guessing.app; sourceTree = BUILT_PRODUCTS_DIR; };
		2641915B1897B18F00F7581F /* Foundation.framework */ = {isa = PBXFileReference; lastKnownFileType = wrapper.framework; name = Foundation.framework; path = System/Library/Frameworks/Foundation.framework; sourceTree = SDKROOT; };
		2641915D1897B18F00F7581F /* CoreGraphics.framework */ = {isa = PBXFileReference; lastKnownFileType = wrapper.framework; name = CoreGraphics.framework; path = System/Library/Frameworks/CoreGraphics.framework; sourceTree = SDKROOT; };
		2641915F1897B18F00F7581F /* UIKit.framework */ = {isa = PBXFileReference; lastKnownFileType = wrapper.framework; name = UIKit.framework; path = System/Library/Frameworks/UIKit.framework; sourceTree = SDKROOT; };
		264191631897B18F00F7581F /* guessing-Info.plist */ = {isa = PBXFileReference; lastKnownFileType = text.plist.xml; path = "guessing-Info.plist"; sourceTree = "<group>"; };
		264191651897B18F00F7581F /* en */ = {isa = PBXFileReference; lastKnownFileType = text.plist.strings; name = en; path = en.lproj/InfoPlist.strings; sourceTree = "<group>"; };
		264191671897B18F00F7581F /* main.m */ = {isa = PBXFileReference; lastKnownFileType = sourcecode.c.objc; path = main.m; sourceTree = "<group>"; };
		264191691897B18F00F7581F /* guessing-Prefix.pch */ = {isa = PBXFileReference; lastKnownFileType = sourcecode.c.h; path = "guessing-Prefix.pch"; sourceTree = "<group>"; };
		2641916A1897B18F00F7581F /* XYZAppDelegate.h */ = {isa = PBXFileReference; lastKnownFileType = sourcecode.c.h; path = XYZAppDelegate.h; sourceTree = "<group>"; };
		2641916B1897B18F00F7581F /* XYZAppDelegate.m */ = {isa = PBXFileReference; lastKnownFileType = sourcecode.c.objc; path = XYZAppDelegate.m; sourceTree = "<group>"; };
		2641916E1897B18F00F7581F /* Base */ = {isa = PBXFileReference; lastKnownFileType = file.storyboard; name = Base; path = Base.lproj/Main.storyboard; sourceTree = "<group>"; };
		264191701897B18F00F7581F /* XYZViewController.h */ = {isa = PBXFileReference; lastKnownFileType = sourcecode.c.h; path = XYZViewController.h; sourceTree = "<group>"; };
		264191711897B18F00F7581F /* XYZViewController.m */ = {isa = PBXFileReference; lastKnownFileType = sourcecode.c.objc; path = XYZViewController.m; sourceTree = "<group>"; };
		264191731897B18F00F7581F /* Images.xcassets */ = {isa = PBXFileReference; lastKnownFileType = folder.assetcatalog; path = Images.xcassets; sourceTree = "<group>"; };
		264191791897B18F00F7581F /* guessingTests.xctest */ = {isa = PBXFileReference; explicitFileType = wrapper.cfbundle; includeInIndex = 0; path = guessingTests.xctest; sourceTree = BUILT_PRODUCTS_DIR; };
		2641917A1897B18F00F7581F /* XCTest.framework */ = {isa = PBXFileReference; lastKnownFileType = wrapper.framework; name = XCTest.framework; path = Library/Frameworks/XCTest.framework; sourceTree = DEVELOPER_DIR; };
		264191821897B18F00F7581F /* guessingTests-Info.plist */ = {isa = PBXFileReference; lastKnownFileType = text.plist.xml; path = "guessingTests-Info.plist"; sourceTree = "<group>"; };
		264191841897B18F00F7581F /* en */ = {isa = PBXFileReference; lastKnownFileType = text.plist.strings; name = en; path = en.lproj/InfoPlist.strings; sourceTree = "<group>"; };
		264191861897B18F00F7581F /* guessingTests.m */ = {isa = PBXFileReference; lastKnownFileType = sourcecode.c.objc; path = guessingTests.m; sourceTree = "<group>"; };
		2641925C18983EA700F7581F /* XYZGuessingGame.h */ = {isa = PBXFileReference; fileEncoding = 4; lastKnownFileType = sourcecode.c.h; path = XYZGuessingGame.h; sourceTree = "<group>"; };
		2641925D18983EA700F7581F /* XYZGuessingGame.m */ = {isa = PBXFileReference; fileEncoding = 4; lastKnownFileType = sourcecode.c.objc; path = XYZGuessingGame.m; sourceTree = "<group>"; };
/* End PBXFileReference section */

/* Begin PBXFrameworksBuildPhase section */
		264191551897B18F00F7581F /* Frameworks */ = {
			isa = PBXFrameworksBuildPhase;
			buildActionMask = 2147483647;
			files = (
				2641915E1897B18F00F7581F /* CoreGraphics.framework in Frameworks */,
				264191601897B18F00F7581F /* UIKit.framework in Frameworks */,
				2641915C1897B18F00F7581F /* Foundation.framework in Frameworks */,
			);
			runOnlyForDeploymentPostprocessing = 0;
		};
		264191761897B18F00F7581F /* Frameworks */ = {
			isa = PBXFrameworksBuildPhase;
			buildActionMask = 2147483647;
			files = (
				2641917B1897B18F00F7581F /* XCTest.framework in Frameworks */,
				2641917D1897B18F00F7581F /* UIKit.framework in Frameworks */,
				2641917C1897B18F00F7581F /* Foundation.framework in Frameworks */,
			);
			runOnlyForDeploymentPostprocessing = 0;
		};
/* End PBXFrameworksBuildPhase section */

/* Begin PBXGroup section */
		2641914F1897B18F00F7581F = {
			isa = PBXGroup;
			children = (
				264191611897B18F00F7581F /* guessing */,
				264191801897B18F00F7581F /* guessingTests */,
				2641915A1897B18F00F7581F /* Frameworks */,
				264191591897B18F00F7581F /* Products */,
			);
			sourceTree = "<group>";
		};
		264191591897B18F00F7581F /* Products */ = {
			isa = PBXGroup;
			children = (
				264191581897B18F00F7581F /* guessing.app */,
				264191791897B18F00F7581F /* guessingTests.xctest */,
			);
			name = Products;
			sourceTree = "<group>";
		};
		2641915A1897B18F00F7581F /* Frameworks */ = {
			isa = PBXGroup;
			children = (
				2641915B1897B18F00F7581F /* Foundation.framework */,
				2641915D1897B18F00F7581F /* CoreGraphics.framework */,
				2641915F1897B18F00F7581F /* UIKit.framework */,
				2641917A1897B18F00F7581F /* XCTest.framework */,
			);
			name = Frameworks;
			sourceTree = "<group>";
		};
		264191611897B18F00F7581F /* guessing */ = {
			isa = PBXGroup;
			children = (
				2641916A1897B18F00F7581F /* XYZAppDelegate.h */,
				2641916B1897B18F00F7581F /* XYZAppDelegate.m */,
				2641925C18983EA700F7581F /* XYZGuessingGame.h */,
				2641925D18983EA700F7581F /* XYZGuessingGame.m */,
				2641916D1897B18F00F7581F /* Main.storyboard */,
				264191701897B18F00F7581F /* XYZViewController.h */,
				264191711897B18F00F7581F /* XYZViewController.m */,
				264191731897B18F00F7581F /* Images.xcassets */,
				264191621897B18F00F7581F /* Supporting Files */,
			);
			path = guessing;
			sourceTree = "<group>";
		};
		264191621897B18F00F7581F /* Supporting Files */ = {
			isa = PBXGroup;
			children = (
				264191631897B18F00F7581F /* guessing-Info.plist */,
				264191641897B18F00F7581F /* InfoPlist.strings */,
				264191671897B18F00F7581F /* main.m */,
				264191691897B18F00F7581F /* guessing-Prefix.pch */,
			);
			name = "Supporting Files";
			sourceTree = "<group>";
		};
		264191801897B18F00F7581F /* guessingTests */ = {
			isa = PBXGroup;
			children = (
				264191861897B18F00F7581F /* guessingTests.m */,
				264191811897B18F00F7581F /* Supporting Files */,
			);
			path = guessingTests;
			sourceTree = "<group>";
		};
		264191811897B18F00F7581F /* Supporting Files */ = {
			isa = PBXGroup;
			children = (
				264191821897B18F00F7581F /* guessingTests-Info.plist */,
				264191831897B18F00F7581F /* InfoPlist.strings */,
			);
			name = "Supporting Files";
			sourceTree = "<group>";
		};
/* End PBXGroup section */

/* Begin PBXNativeTarget section */
		264191571897B18F00F7581F /* guessing */ = {
			isa = PBXNativeTarget;
			buildConfigurationList = 2641918A1897B18F00F7581F /* Build configuration list for PBXNativeTarget "guessing" */;
			buildPhases = (
				264191541897B18F00F7581F /* Sources */,
				264191551897B18F00F7581F /* Frameworks */,
				264191561897B18F00F7581F /* Resources */,
			);
			buildRules = (
			);
			dependencies = (
			);
			name = guessing;
			productName = guessing;
			productReference = 264191581897B18F00F7581F /* guessing.app */;
			productType = "com.apple.product-type.application";
		};
		264191781897B18F00F7581F /* guessingTests */ = {
			isa = PBXNativeTarget;
			buildConfigurationList = 2641918D1897B18F00F7581F /* Build configuration list for PBXNativeTarget "guessingTests" */;
			buildPhases = (
				264191751897B18F00F7581F /* Sources */,
				264191761897B18F00F7581F /* Frameworks */,
				264191771897B18F00F7581F /* Resources */,
			);
			buildRules = (
			);
			dependencies = (
				2641917F1897B18F00F7581F /* PBXTargetDependency */,
			);
			name = guessingTests;
			productName = guessingTests;
			productReference = 264191791897B18F00F7581F /* guessingTests.xctest */;
			productType = "com.apple.product-type.bundle.unit-test";
		};
/* End PBXNativeTarget section */

/* Begin PBXProject section */
		264191501897B18F00F7581F /* Project object */ = {
			isa = PBXProject;
			attributes = {
				CLASSPREFIX = XYZ;
				LastUpgradeCheck = 0500;
				ORGANIZATIONNAME = "Sami Purmonen";
				TargetAttributes = {
					264191781897B18F00F7581F = {
						TestTargetID = 264191571897B18F00F7581F;
					};
				};
			};
			buildConfigurationList = 264191531897B18F00F7581F /* Build configuration list for PBXProject "guessing" */;
			compatibilityVersion = "Xcode 3.2";
			developmentRegion = English;
			hasScannedForEncodings = 0;
			knownRegions = (
				en,
				Base,
			);
			mainGroup = 2641914F1897B18F00F7581F;
			productRefGroup = 264191591897B18F00F7581F /* Products */;
			projectDirPath = "";
			projectRoot = "";
			targets = (
				264191571897B18F00F7581F /* guessing */,
				264191781897B18F00F7581F /* guessingTests */,
			);
		};
/* End PBXProject section */

/* Begin PBXResourcesBuildPhase section */
		264191561897B18F00F7581F /* Resources */ = {
			isa = PBXResourcesBuildPhase;
			buildActionMask = 2147483647;
			files = (
				264191741897B18F00F7581F /* Images.xcassets in Resources */,
				264191661897B18F00F7581F /* InfoPlist.strings in Resources */,
				2641916F1897B18F00F7581F /* Main.storyboard in Resources */,
			);
			runOnlyForDeploymentPostprocessing = 0;
		};
		264191771897B18F00F7581F /* Resources */ = {
			isa = PBXResourcesBuildPhase;
			buildActionMask = 2147483647;
			files = (
				264191851897B18F00F7581F /* InfoPlist.strings in Resources */,
			);
			runOnlyForDeploymentPostprocessing = 0;
		};
/* End PBXResourcesBuildPhase section */

/* Begin PBXSourcesBuildPhase section */
		264191541897B18F00F7581F /* Sources */ = {
			isa = PBXSourcesBuildPhase;
			buildActionMask = 2147483647;
			files = (
				264191721897B18F00F7581F /* XYZViewController.m in Sources */,
				2641916C1897B18F00F7581F /* XYZAppDelegate.m in Sources */,
				2641925E18983EA700F7581F /* XYZGuessingGame.m in Sources */,
				264191681897B18F00F7581F /* main.m in Sources */,
			);
			runOnlyForDeploymentPostprocessing = 0;
		};
		264191751897B18F00F7581F /* Sources */ = {
			isa = PBXSourcesBuildPhase;
			buildActionMask = 2147483647;
			files = (
				264191871897B18F00F7581F /* guessingTests.m in Sources */,
			);
			runOnlyForDeploymentPostprocessing = 0;
		};
/* End PBXSourcesBuildPhase section */

/* Begin PBXTargetDependency section */
		2641917F1897B18F00F7581F /* PBXTargetDependency */ = {
			isa = PBXTargetDependency;
			target = 264191571897B18F00F7581F /* guessing */;
			targetProxy = 2641917E1897B18F00F7581F /* PBXContainerItemProxy */;
		};
/* End PBXTargetDependency section */

/* Begin PBXVariantGroup section */
		264191641897B18F00F7581F /* InfoPlist.strings */ = {
			isa = PBXVariantGroup;
			children = (
				264191651897B18F00F7581F /* en */,
			);
			name = InfoPlist.strings;
			sourceTree = "<group>";
		};
		2641916D1897B18F00F7581F /* Main.storyboard */ = {
			isa = PBXVariantGroup;
			children = (
				2641916E1897B18F00F7581F /* Base */,
			);
			name = Main.storyboard;
			sourceTree = "<group>";
		};
		264191831897B18F00F7581F /* InfoPlist.strings */ = {
			isa = PBXVariantGroup;
			children = (
				264191841897B18F00F7581F /* en */,
			);
			name = InfoPlist.strings;
			sourceTree = "<group>";
		};
/* End PBXVariantGroup section */

/* Begin XCBuildConfiguration section */
		264191881897B18F00F7581F /* Debug */ = {
			isa = XCBuildConfiguration;
			buildSettings = {
				ALWAYS_SEARCH_USER_PATHS = NO;
				ARCHS = "$(ARCHS_STANDARD_INCLUDING_64_BIT)";
				CLANG_CXX_LANGUAGE_STANDARD = "gnu++0x";
				CLANG_CXX_LIBRARY = "libc++";
				CLANG_ENABLE_MODULES = YES;
				CLANG_ENABLE_OBJC_ARC = YES;
				CLANG_WARN_BOOL_CONVERSION = YES;
				CLANG_WARN_CONSTANT_CONVERSION = YES;
				CLANG_WARN_DIRECT_OBJC_ISA_USAGE = YES_ERROR;
				CLANG_WARN_EMPTY_BODY = YES;
				CLANG_WARN_ENUM_CONVERSION = YES;
				CLANG_WARN_INT_CONVERSION = YES;
				CLANG_WARN_OBJC_ROOT_CLASS = YES_ERROR;
				CLANG_WARN__DUPLICATE_METHOD_MATCH = YES;
				"CODE_SIGN_IDENTITY[sdk=iphoneos*]" = "iPhone Developer";
				COPY_PHASE_STRIP = NO;
				GCC_C_LANGUAGE_STANDARD = gnu99;
				GCC_DYNAMIC_NO_PIC = NO;
				GCC_OPTIMIZATION_LEVEL = 0;
				GCC_PREPROCESSOR_DEFINITIONS = (
					"DEBUG=1",
					"$(inherited)",
				);
				GCC_SYMBOLS_PRIVATE_EXTERN = NO;
				GCC_WARN_64_TO_32_BIT_CONVERSION = YES;
				GCC_WARN_ABOUT_RETURN_TYPE = YES_ERROR;
				GCC_WARN_UNDECLARED_SELECTOR = YES;
				GCC_WARN_UNINITIALIZED_AUTOS = YES;
				GCC_WARN_UNUSED_FUNCTION = YES;
				GCC_WARN_UNUSED_VARIABLE = YES;
				IPHONEOS_DEPLOYMENT_TARGET = 7.0;
				ONLY_ACTIVE_ARCH = YES;
				SDKROOT = iphoneos;
			};
			name = Debug;
		};
		264191891897B18F00F7581F /* Release */ = {
			isa = XCBuildConfiguration;
			buildSettings = {
				ALWAYS_SEARCH_USER_PATHS = NO;
				ARCHS = "$(ARCHS_STANDARD_INCLUDING_64_BIT)";
				CLANG_CXX_LANGUAGE_STANDARD = "gnu++0x";
				CLANG_CXX_LIBRARY = "libc++";
				CLANG_ENABLE_MODULES = YES;
				CLANG_ENABLE_OBJC_ARC = YES;
				CLANG_WARN_BOOL_CONVERSION = YES;
				CLANG_WARN_CONSTANT_CONVERSION = YES;
				CLANG_WARN_DIRECT_OBJC_ISA_USAGE = YES_ERROR;
				CLANG_WARN_EMPTY_BODY = YES;
				CLANG_WARN_ENUM_CONVERSION = YES;
				CLANG_WARN_INT_CONVERSION = YES;
				CLANG_WARN_OBJC_ROOT_CLASS = YES_ERROR;
				CLANG_WARN__DUPLICATE_METHOD_MATCH = YES;
				"CODE_SIGN_IDENTITY[sdk=iphoneos*]" = "iPhone Developer";
				COPY_PHASE_STRIP = YES;
				ENABLE_NS_ASSERTIONS = NO;
				GCC_C_LANGUAGE_STANDARD = gnu99;
				GCC_WARN_64_TO_32_BIT_CONVERSION = YES;
				GCC_WARN_ABOUT_RETURN_TYPE = YES_ERROR;
				GCC_WARN_UNDECLARED_SELECTOR = YES;
				GCC_WARN_UNINITIALIZED_AUTOS = YES;
				GCC_WARN_UNUSED_FUNCTION = YES;
				GCC_WARN_UNUSED_VARIABLE = YES;
				IPHONEOS_DEPLOYMENT_TARGET = 7.0;
				SDKROOT = iphoneos;
				VALIDATE_PRODUCT = YES;
			};
			name = Release;
		};
		2641918B1897B18F00F7581F /* Debug */ = {
			isa = XCBuildConfiguration;
			buildSettings = {
				ASSETCATALOG_COMPILER_APPICON_NAME = AppIcon;
				ASSETCATALOG_COMPILER_LAUNCHIMAGE_NAME = LaunchImage;
				GCC_PRECOMPILE_PREFIX_HEADER = YES;
				GCC_PREFIX_HEADER = "guessing/guessing-Prefix.pch";
				INFOPLIST_FILE = "guessing/guessing-Info.plist";
				PRODUCT_NAME = "$(TARGET_NAME)";
				WRAPPER_EXTENSION = app;
			};
			name = Debug;
		};
		2641918C1897B18F00F7581F /* Release */ = {
			isa = XCBuildConfiguration;
			buildSettings = {
				ASSETCATALOG_COMPILER_APPICON_NAME = AppIcon;
				ASSETCATALOG_COMPILER_LAUNCHIMAGE_NAME = LaunchImage;
				GCC_PRECOMPILE_PREFIX_HEADER = YES;
				GCC_PREFIX_HEADER = "guessing/guessing-Prefix.pch";
				INFOPLIST_FILE = "guessing/guessing-Info.plist";
				PRODUCT_NAME = "$(TARGET_NAME)";
				WRAPPER_EXTENSION = app;
			};
			name = Release;
		};
		2641918E1897B18F00F7581F /* Debug */ = {
			isa = XCBuildConfiguration;
			buildSettings = {
				ARCHS = "$(ARCHS_STANDARD_INCLUDING_64_BIT)";
				BUNDLE_LOADER = "$(BUILT_PRODUCTS_DIR)/guessing.app/guessing";
				FRAMEWORK_SEARCH_PATHS = (
					"$(SDKROOT)/Developer/Library/Frameworks",
					"$(inherited)",
					"$(DEVELOPER_FRAMEWORKS_DIR)",
				);
				GCC_PRECOMPILE_PREFIX_HEADER = YES;
				GCC_PREFIX_HEADER = "guessing/guessing-Prefix.pch";
				GCC_PREPROCESSOR_DEFINITIONS = (
					"DEBUG=1",
					"$(inherited)",
				);
				INFOPLIST_FILE = "guessingTests/guessingTests-Info.plist";
				PRODUCT_NAME = "$(TARGET_NAME)";
				TEST_HOST = "$(BUNDLE_LOADER)";
				WRAPPER_EXTENSION = xctest;
			};
			name = Debug;
		};
		2641918F1897B18F00F7581F /* Release */ = {
			isa = XCBuildConfiguration;
			buildSettings = {
				ARCHS = "$(ARCHS_STANDARD_INCLUDING_64_BIT)";
				BUNDLE_LOADER = "$(BUILT_PRODUCTS_DIR)/guessing.app/guessing";
				FRAMEWORK_SEARCH_PATHS = (
					"$(SDKROOT)/Developer/Library/Frameworks",
					"$(inherited)",
					"$(DEVELOPER_FRAMEWORKS_DIR)",
				);
				GCC_PRECOMPILE_PREFIX_HEADER = YES;
				GCC_PREFIX_HEADER = "guessing/guessing-Prefix.pch";
				INFOPLIST_FILE = "guessingTests/guessingTests-Info.plist";
				PRODUCT_NAME = "$(TARGET_NAME)";
				TEST_HOST = "$(BUNDLE_LOADER)";
				WRAPPER_EXTENSION = xctest;
			};
			name = Release;
		};
/* End XCBuildConfiguration section */

/* Begin XCConfigurationList section */
		264191531897B18F00F7581F /* Build configuration list for PBXProject "guessing" */ = {
			isa = XCConfigurationList;
			buildConfigurations = (
				264191881897B18F00F7581F /* Debug */,
				264191891897B18F00F7581F /* Release */,
			);
			defaultConfigurationIsVisible = 0;
			defaultConfigurationName = Release;
		};
		2641918A1897B18F00F7581F /* Build configuration list for PBXNativeTarget "guessing" */ = {
			isa = XCConfigurationList;
			buildConfigurations = (
				2641918B1897B18F00F7581F /* Debug */,
				2641918C1897B18F00F7581F /* Release */,
			);
			defaultConfigurationIsVisible = 0;
			defaultConfigurationName = Release;
		};
		2641918D1897B18F00F7581F /* Build configuration list for PBXNativeTarget "guessingTests" */ = {
			isa = XCConfigurationList;
			buildConfigurations = (
				2641918E1897B18F00F7581F /* Debug */,
				2641918F1897B18F00F7581F /* Release */,
			);
			defaultConfigurationIsVisible = 0;
			defaultConfigurationName = Release;
		};
/* End XCConfigurationList section */
	};
	rootObject = 264191501897B18F00F7581F /* Project object */;
}
